// !$*UTF8*$!
{
	archiveVersion = 1;
	classes = {
	};
	objectVersion = 55;
	objects = {

/* Begin PBXBuildFile section */
		B711FCC128244CEB00CC6B65 /* DetailViewController.swift in Sources */ = {isa = PBXBuildFile; fileRef = B711FCC028244CEB00CC6B65 /* DetailViewController.swift */; };
		B72167E8281C2D7100CBCB70 /* Person.swift in Sources */ = {isa = PBXBuildFile; fileRef = B72167E7281C2D7100CBCB70 /* Person.swift */; };
		B72167EA281C2DE400CBCB70 /* PersonCell.swift in Sources */ = {isa = PBXBuildFile; fileRef = B72167E9281C2DE400CBCB70 /* PersonCell.swift */; };
		B72167ED281C2F5B00CBCB70 /* RxCocoa in Frameworks */ = {isa = PBXBuildFile; productRef = B72167EC281C2F5B00CBCB70 /* RxCocoa */; };
		B72167EF281C2F5B00CBCB70 /* RxRelay in Frameworks */ = {isa = PBXBuildFile; productRef = B72167EE281C2F5B00CBCB70 /* RxRelay */; };
		B72167F1281C300800CBCB70 /* HomeViewModel.swift in Sources */ = {isa = PBXBuildFile; fileRef = B72167F0281C300800CBCB70 /* HomeViewModel.swift */; };
		B72167F4281C429F00CBCB70 /* RxDataSources in Frameworks */ = {isa = PBXBuildFile; productRef = B72167F3281C429F00CBCB70 /* RxDataSources */; };
		B72F848A282C086C00E87A73 /* MyProfileViewController.swift in Sources */ = {isa = PBXBuildFile; fileRef = B72F8489282C086C00E87A73 /* MyProfileViewController.swift */; };
		B72F848D282C094300E87A73 /* CustomViewController.swift in Sources */ = {isa = PBXBuildFile; fileRef = B72F848C282C094300E87A73 /* CustomViewController.swift */; };
		B72FA9F928216DA700145ABE /* String+Extension.swift in Sources */ = {isa = PBXBuildFile; fileRef = B72FA9F828216DA700145ABE /* String+Extension.swift */; };
		B73882AD2828071900AC7555 /* DetailCard.swift in Sources */ = {isa = PBXBuildFile; fileRef = B73882AC2828071900AC7555 /* DetailCard.swift */; };
		B73A82442831E5220027D096 /* WishItemVIew.swift in Sources */ = {isa = PBXBuildFile; fileRef = B73A82432831E5220027D096 /* WishItemVIew.swift */; };
		B73C8784283549D800C65536 /* GivenItemCell.swift in Sources */ = {isa = PBXBuildFile; fileRef = B73C8783283549D800C65536 /* GivenItemCell.swift */; };
		B73C8EDB283275A200C99EDE /* User.swift in Sources */ = {isa = PBXBuildFile; fileRef = B73C8EDA283275A200C99EDE /* User.swift */; };
		B73C8EDD2832760600C99EDE /* MyProfileViewModel.swift in Sources */ = {isa = PBXBuildFile; fileRef = B73C8EDC2832760600C99EDE /* MyProfileViewModel.swift */; };
		B73C8EDF2832780D00C99EDE /* FetchUser.swift in Sources */ = {isa = PBXBuildFile; fileRef = B73C8EDE2832780D00C99EDE /* FetchUser.swift */; };
		B73C8EE1283297F100C99EDE /* FetchWishList.swift in Sources */ = {isa = PBXBuildFile; fileRef = B73C8EE0283297F100C99EDE /* FetchWishList.swift */; };
		B73C8EE32832A13200C99EDE /* WishItem.swift in Sources */ = {isa = PBXBuildFile; fileRef = B73C8EE22832A13200C99EDE /* WishItem.swift */; };
		B73CC70C2826D3DA009D01D0 /* DetailViewModel.swift in Sources */ = {isa = PBXBuildFile; fileRef = B73CC70B2826D3DA009D01D0 /* DetailViewModel.swift */; };
		B782A04C281D8C990018133B /* FetchContacts.swift in Sources */ = {isa = PBXBuildFile; fileRef = B782A04B281D8C990018133B /* FetchContacts.swift */; };
		B7AB0425280E7ABC002E86D3 /* UIColor+Extension.swift in Sources */ = {isa = PBXBuildFile; fileRef = B7AB0424280E7ABC002E86D3 /* UIColor+Extension.swift */; };
		B7AB0428280E7D1C002E86D3 /* SnapKit in Frameworks */ = {isa = PBXBuildFile; productRef = B7AB0427280E7D1C002E86D3 /* SnapKit */; };
		B7B028942833E78200410C55 /* GivenItem.swift in Sources */ = {isa = PBXBuildFile; fileRef = B7B028932833E78200410C55 /* GivenItem.swift */; };
		B7B028972833F3EA00410C55 /* MyProfileView.swift in Sources */ = {isa = PBXBuildFile; fileRef = B7B028962833F3EA00410C55 /* MyProfileView.swift */; };
		B7BBA23D280E7166003D1B8F /* AppDelegate.swift in Sources */ = {isa = PBXBuildFile; fileRef = B7BBA23C280E7166003D1B8F /* AppDelegate.swift */; };
		B7BBA23F280E7166003D1B8F /* SceneDelegate.swift in Sources */ = {isa = PBXBuildFile; fileRef = B7BBA23E280E7166003D1B8F /* SceneDelegate.swift */; };
		B7BBA246280E7167003D1B8F /* Assets.xcassets in Resources */ = {isa = PBXBuildFile; fileRef = B7BBA245280E7167003D1B8F /* Assets.xcassets */; };
		B7BBA249280E7167003D1B8F /* LaunchScreen.storyboard in Resources */ = {isa = PBXBuildFile; fileRef = B7BBA247280E7167003D1B8F /* LaunchScreen.storyboard */; };
		B7BBA252280E7267003D1B8F /* HomeViewController.swift in Sources */ = {isa = PBXBuildFile; fileRef = B7BBA251280E7267003D1B8F /* HomeViewController.swift */; };
/* End PBXBuildFile section */

/* Begin PBXFileReference section */
		B711FCC028244CEB00CC6B65 /* DetailViewController.swift */ = {isa = PBXFileReference; lastKnownFileType = sourcecode.swift; path = DetailViewController.swift; sourceTree = "<group>"; };
		B72167E7281C2D7100CBCB70 /* Person.swift */ = {isa = PBXFileReference; lastKnownFileType = sourcecode.swift; path = Person.swift; sourceTree = "<group>"; };
		B72167E9281C2DE400CBCB70 /* PersonCell.swift */ = {isa = PBXFileReference; lastKnownFileType = sourcecode.swift; path = PersonCell.swift; sourceTree = "<group>"; };
		B72167F0281C300800CBCB70 /* HomeViewModel.swift */ = {isa = PBXFileReference; lastKnownFileType = sourcecode.swift; path = HomeViewModel.swift; sourceTree = "<group>"; };
		B72F8489282C086C00E87A73 /* MyProfileViewController.swift */ = {isa = PBXFileReference; lastKnownFileType = sourcecode.swift; path = MyProfileViewController.swift; sourceTree = "<group>"; };
		B72F848C282C094300E87A73 /* CustomViewController.swift */ = {isa = PBXFileReference; lastKnownFileType = sourcecode.swift; path = CustomViewController.swift; sourceTree = "<group>"; };
		B72FA9F828216DA700145ABE /* String+Extension.swift */ = {isa = PBXFileReference; lastKnownFileType = sourcecode.swift; path = "String+Extension.swift"; sourceTree = "<group>"; };
		B73882AC2828071900AC7555 /* DetailCard.swift */ = {isa = PBXFileReference; lastKnownFileType = sourcecode.swift; path = DetailCard.swift; sourceTree = "<group>"; };
		B73A82432831E5220027D096 /* WishItemVIew.swift */ = {isa = PBXFileReference; lastKnownFileType = sourcecode.swift; path = WishItemVIew.swift; sourceTree = "<group>"; };
		B73C8783283549D800C65536 /* GivenItemCell.swift */ = {isa = PBXFileReference; lastKnownFileType = sourcecode.swift; path = GivenItemCell.swift; sourceTree = "<group>"; };
		B73C8EDA283275A200C99EDE /* User.swift */ = {isa = PBXFileReference; lastKnownFileType = sourcecode.swift; path = User.swift; sourceTree = "<group>"; };
		B73C8EDC2832760600C99EDE /* MyProfileViewModel.swift */ = {isa = PBXFileReference; lastKnownFileType = sourcecode.swift; path = MyProfileViewModel.swift; sourceTree = "<group>"; };
		B73C8EDE2832780D00C99EDE /* FetchUser.swift */ = {isa = PBXFileReference; lastKnownFileType = sourcecode.swift; path = FetchUser.swift; sourceTree = "<group>"; };
		B73C8EE0283297F100C99EDE /* FetchWishList.swift */ = {isa = PBXFileReference; lastKnownFileType = sourcecode.swift; path = FetchWishList.swift; sourceTree = "<group>"; };
		B73C8EE22832A13200C99EDE /* WishItem.swift */ = {isa = PBXFileReference; lastKnownFileType = sourcecode.swift; path = WishItem.swift; sourceTree = "<group>"; };
		B73CC70B2826D3DA009D01D0 /* DetailViewModel.swift */ = {isa = PBXFileReference; lastKnownFileType = sourcecode.swift; path = DetailViewModel.swift; sourceTree = "<group>"; };
		B782A04B281D8C990018133B /* FetchContacts.swift */ = {isa = PBXFileReference; lastKnownFileType = sourcecode.swift; path = FetchContacts.swift; sourceTree = "<group>"; };
		B7AB0424280E7ABC002E86D3 /* UIColor+Extension.swift */ = {isa = PBXFileReference; lastKnownFileType = sourcecode.swift; path = "UIColor+Extension.swift"; sourceTree = "<group>"; };
		B7B028932833E78200410C55 /* GivenItem.swift */ = {isa = PBXFileReference; lastKnownFileType = sourcecode.swift; path = GivenItem.swift; sourceTree = "<group>"; };
		B7B028962833F3EA00410C55 /* MyProfileView.swift */ = {isa = PBXFileReference; lastKnownFileType = sourcecode.swift; path = MyProfileView.swift; sourceTree = "<group>"; };
		B7BBA239280E7166003D1B8F /* HappyDay.app */ = {isa = PBXFileReference; explicitFileType = wrapper.application; includeInIndex = 0; path = HappyDay.app; sourceTree = BUILT_PRODUCTS_DIR; };
		B7BBA23C280E7166003D1B8F /* AppDelegate.swift */ = {isa = PBXFileReference; lastKnownFileType = sourcecode.swift; path = AppDelegate.swift; sourceTree = "<group>"; };
		B7BBA23E280E7166003D1B8F /* SceneDelegate.swift */ = {isa = PBXFileReference; lastKnownFileType = sourcecode.swift; path = SceneDelegate.swift; sourceTree = "<group>"; };
		B7BBA245280E7167003D1B8F /* Assets.xcassets */ = {isa = PBXFileReference; lastKnownFileType = folder.assetcatalog; path = Assets.xcassets; sourceTree = "<group>"; };
		B7BBA248280E7167003D1B8F /* Base */ = {isa = PBXFileReference; lastKnownFileType = file.storyboard; name = Base; path = Base.lproj/LaunchScreen.storyboard; sourceTree = "<group>"; };
		B7BBA24A280E7167003D1B8F /* Info.plist */ = {isa = PBXFileReference; lastKnownFileType = text.plist.xml; path = Info.plist; sourceTree = "<group>"; };
		B7BBA251280E7267003D1B8F /* HomeViewController.swift */ = {isa = PBXFileReference; lastKnownFileType = sourcecode.swift; path = HomeViewController.swift; sourceTree = "<group>"; };
/* End PBXFileReference section */

/* Begin PBXFrameworksBuildPhase section */
		B7BBA236280E7166003D1B8F /* Frameworks */ = {
			isa = PBXFrameworksBuildPhase;
			buildActionMask = 2147483647;
			files = (
				B72167EF281C2F5B00CBCB70 /* RxRelay in Frameworks */,
				B72167F4281C429F00CBCB70 /* RxDataSources in Frameworks */,
				B72167ED281C2F5B00CBCB70 /* RxCocoa in Frameworks */,
				B7AB0428280E7D1C002E86D3 /* SnapKit in Frameworks */,
			);
			runOnlyForDeploymentPostprocessing = 0;
		};
/* End PBXFrameworksBuildPhase section */

/* Begin PBXGroup section */
		B711FCBF28244CCF00CC6B65 /* Detail */ = {
			isa = PBXGroup;
			children = (
				B711FCC028244CEB00CC6B65 /* DetailViewController.swift */,
				B73CC70B2826D3DA009D01D0 /* DetailViewModel.swift */,
				B73882AC2828071900AC7555 /* DetailCard.swift */,
			);
			path = Detail;
			sourceTree = "<group>";
		};
		B72167F5281C6FE000CBCB70 /* Model */ = {
			isa = PBXGroup;
			children = (
				B72167E7281C2D7100CBCB70 /* Person.swift */,
				B73C8EDA283275A200C99EDE /* User.swift */,
				B73C8EE22832A13200C99EDE /* WishItem.swift */,
				B7B028932833E78200410C55 /* GivenItem.swift */,
			);
			path = Model;
			sourceTree = "<group>";
		};
		B72F8488282C085100E87A73 /* MyProfile */ = {
			isa = PBXGroup;
			children = (
				B7B028952833F3D700410C55 /* View */,
				B72F8489282C086C00E87A73 /* MyProfileViewController.swift */,
				B73C8EDC2832760600C99EDE /* MyProfileViewModel.swift */,
			);
			path = MyProfile;
			sourceTree = "<group>";
		};
		B72F848B282C092D00E87A73 /* Util */ = {
			isa = PBXGroup;
			children = (
				B72F848C282C094300E87A73 /* CustomViewController.swift */,
			);
			path = Util;
			sourceTree = "<group>";
		};
		B77137BB280EF7A400C47C4C /* Home */ = {
			isa = PBXGroup;
			children = (
				B7BBA251280E7267003D1B8F /* HomeViewController.swift */,
				B72167F0281C300800CBCB70 /* HomeViewModel.swift */,
				B72167E9281C2DE400CBCB70 /* PersonCell.swift */,
			);
			path = Home;
			sourceTree = "<group>";
		};
		B782A04A281D8C890018133B /* Service */ = {
			isa = PBXGroup;
			children = (
				B782A04B281D8C990018133B /* FetchContacts.swift */,
				B73C8EDE2832780D00C99EDE /* FetchUser.swift */,
				B73C8EE0283297F100C99EDE /* FetchWishList.swift */,
			);
			path = Service;
			sourceTree = "<group>";
		};
		B7AB0423280E7AA5002E86D3 /* Extension */ = {
			isa = PBXGroup;
			children = (
				B7AB0424280E7ABC002E86D3 /* UIColor+Extension.swift */,
				B72FA9F828216DA700145ABE /* String+Extension.swift */,
			);
			path = Extension;
			sourceTree = "<group>";
		};
		B7B028952833F3D700410C55 /* View */ = {
			isa = PBXGroup;
			children = (
				B73A82432831E5220027D096 /* WishItemVIew.swift */,
				B7B028962833F3EA00410C55 /* MyProfileView.swift */,
				B73C8783283549D800C65536 /* GivenItemCell.swift */,
			);
			path = View;
			sourceTree = "<group>";
		};
		B7BBA230280E7166003D1B8F = {
			isa = PBXGroup;
			children = (
				B7BBA23B280E7166003D1B8F /* Scouter */,
				B7BBA23A280E7166003D1B8F /* Products */,
			);
			sourceTree = "<group>";
		};
		B7BBA23A280E7166003D1B8F /* Products */ = {
			isa = PBXGroup;
			children = (
				B7BBA239280E7166003D1B8F /* HappyDay.app */,
			);
			name = Products;
			sourceTree = "<group>";
		};
		B7BBA23B280E7166003D1B8F /* Scouter */ = {
			isa = PBXGroup;
			children = (
				B72F848B282C092D00E87A73 /* Util */,
				B72F8488282C085100E87A73 /* MyProfile */,
				B711FCBF28244CCF00CC6B65 /* Detail */,
				B782A04A281D8C890018133B /* Service */,
				B72167F5281C6FE000CBCB70 /* Model */,
				B77137BB280EF7A400C47C4C /* Home */,
				B7AB0423280E7AA5002E86D3 /* Extension */,
				B7BBA23C280E7166003D1B8F /* AppDelegate.swift */,
				B7BBA23E280E7166003D1B8F /* SceneDelegate.swift */,
				B7BBA245280E7167003D1B8F /* Assets.xcassets */,
				B7BBA247280E7167003D1B8F /* LaunchScreen.storyboard */,
				B7BBA24A280E7167003D1B8F /* Info.plist */,
			);
			name = Scouter;
			path = HappyDay;
			sourceTree = "<group>";
		};
/* End PBXGroup section */

/* Begin PBXNativeTarget section */
		B7BBA238280E7166003D1B8F /* HappyDay */ = {
			isa = PBXNativeTarget;
			buildConfigurationList = B7BBA24D280E7167003D1B8F /* Build configuration list for PBXNativeTarget "HappyDay" */;
			buildPhases = (
				B7BBA235280E7166003D1B8F /* Sources */,
				B7BBA236280E7166003D1B8F /* Frameworks */,
				B7BBA237280E7166003D1B8F /* Resources */,
			);
			buildRules = (
			);
			dependencies = (
			);
			name = HappyDay;
			packageProductDependencies = (
				B7AB0427280E7D1C002E86D3 /* SnapKit */,
				B72167EC281C2F5B00CBCB70 /* RxCocoa */,
				B72167EE281C2F5B00CBCB70 /* RxRelay */,
				B72167F3281C429F00CBCB70 /* RxDataSources */,
			);
			productName = Scouter;
			productReference = B7BBA239280E7166003D1B8F /* HappyDay.app */;
			productType = "com.apple.product-type.application";
		};
/* End PBXNativeTarget section */

/* Begin PBXProject section */
		B7BBA231280E7166003D1B8F /* Project object */ = {
			isa = PBXProject;
			attributes = {
				BuildIndependentTargetsInParallel = 1;
				LastSwiftUpdateCheck = 1330;
				LastUpgradeCheck = 1330;
				TargetAttributes = {
					B7BBA238280E7166003D1B8F = {
						CreatedOnToolsVersion = 13.3;
					};
				};
			};
			buildConfigurationList = B7BBA234280E7166003D1B8F /* Build configuration list for PBXProject "HappyDay" */;
			compatibilityVersion = "Xcode 13.0";
			developmentRegion = en;
			hasScannedForEncodings = 0;
			knownRegions = (
				en,
				Base,
			);
			mainGroup = B7BBA230280E7166003D1B8F;
			packageReferences = (
				B7AB0426280E7D1C002E86D3 /* XCRemoteSwiftPackageReference "SnapKit" */,
				B7AB0429280E81E8002E86D3 /* XCRemoteSwiftPackageReference "Charts" */,
				B72167EB281C2F5B00CBCB70 /* XCRemoteSwiftPackageReference "RxSwift" */,
				B72167F2281C429F00CBCB70 /* XCRemoteSwiftPackageReference "RxDataSources" */,
			);
			productRefGroup = B7BBA23A280E7166003D1B8F /* Products */;
			projectDirPath = "";
			projectRoot = "";
			targets = (
				B7BBA238280E7166003D1B8F /* HappyDay */,
			);
		};
/* End PBXProject section */

/* Begin PBXResourcesBuildPhase section */
		B7BBA237280E7166003D1B8F /* Resources */ = {
			isa = PBXResourcesBuildPhase;
			buildActionMask = 2147483647;
			files = (
				B7BBA249280E7167003D1B8F /* LaunchScreen.storyboard in Resources */,
				B7BBA246280E7167003D1B8F /* Assets.xcassets in Resources */,
			);
			runOnlyForDeploymentPostprocessing = 0;
		};
/* End PBXResourcesBuildPhase section */

/* Begin PBXSourcesBuildPhase section */
		B7BBA235280E7166003D1B8F /* Sources */ = {
			isa = PBXSourcesBuildPhase;
			buildActionMask = 2147483647;
			files = (
				B7B028942833E78200410C55 /* GivenItem.swift in Sources */,
				B72F848A282C086C00E87A73 /* MyProfileViewController.swift in Sources */,
				B72F848D282C094300E87A73 /* CustomViewController.swift in Sources */,
				B73882AD2828071900AC7555 /* DetailCard.swift in Sources */,
				B7B028972833F3EA00410C55 /* MyProfileView.swift in Sources */,
				B73C8EDD2832760600C99EDE /* MyProfileViewModel.swift in Sources */,
				B72167EA281C2DE400CBCB70 /* PersonCell.swift in Sources */,
				B72FA9F928216DA700145ABE /* String+Extension.swift in Sources */,
				B73C8EE32832A13200C99EDE /* WishItem.swift in Sources */,
				B73A82442831E5220027D096 /* WishItemVIew.swift in Sources */,
				B73C8EDF2832780D00C99EDE /* FetchUser.swift in Sources */,
				B73C8EDB283275A200C99EDE /* User.swift in Sources */,
				B72167E8281C2D7100CBCB70 /* Person.swift in Sources */,
				B73C8784283549D800C65536 /* GivenItemCell.swift in Sources */,
				B72167F1281C300800CBCB70 /* HomeViewModel.swift in Sources */,
				B7BBA23D280E7166003D1B8F /* AppDelegate.swift in Sources */,
				B7BBA23F280E7166003D1B8F /* SceneDelegate.swift in Sources */,
				B7BBA252280E7267003D1B8F /* HomeViewController.swift in Sources */,
				B711FCC128244CEB00CC6B65 /* DetailViewController.swift in Sources */,
				B7AB0425280E7ABC002E86D3 /* UIColor+Extension.swift in Sources */,
				B73CC70C2826D3DA009D01D0 /* DetailViewModel.swift in Sources */,
				B782A04C281D8C990018133B /* FetchContacts.swift in Sources */,
				B73C8EE1283297F100C99EDE /* FetchWishList.swift in Sources */,
			);
			runOnlyForDeploymentPostprocessing = 0;
		};
/* End PBXSourcesBuildPhase section */

/* Begin PBXVariantGroup section */
		B7BBA247280E7167003D1B8F /* LaunchScreen.storyboard */ = {
			isa = PBXVariantGroup;
			children = (
				B7BBA248280E7167003D1B8F /* Base */,
			);
			name = LaunchScreen.storyboard;
			sourceTree = "<group>";
		};
/* End PBXVariantGroup section */

/* Begin XCBuildConfiguration section */
		B7BBA24B280E7167003D1B8F /* Debug */ = {
			isa = XCBuildConfiguration;
			buildSettings = {
				ALWAYS_SEARCH_USER_PATHS = NO;
				CLANG_ANALYZER_NONNULL = YES;
				CLANG_ANALYZER_NUMBER_OBJECT_CONVERSION = YES_AGGRESSIVE;
				CLANG_CXX_LANGUAGE_STANDARD = "gnu++17";
				CLANG_ENABLE_MODULES = YES;
				CLANG_ENABLE_OBJC_ARC = YES;
				CLANG_ENABLE_OBJC_WEAK = YES;
				CLANG_WARN_BLOCK_CAPTURE_AUTORELEASING = YES;
				CLANG_WARN_BOOL_CONVERSION = YES;
				CLANG_WARN_COMMA = YES;
				CLANG_WARN_CONSTANT_CONVERSION = YES;
				CLANG_WARN_DEPRECATED_OBJC_IMPLEMENTATIONS = YES;
				CLANG_WARN_DIRECT_OBJC_ISA_USAGE = YES_ERROR;
				CLANG_WARN_DOCUMENTATION_COMMENTS = YES;
				CLANG_WARN_EMPTY_BODY = YES;
				CLANG_WARN_ENUM_CONVERSION = YES;
				CLANG_WARN_INFINITE_RECURSION = YES;
				CLANG_WARN_INT_CONVERSION = YES;
				CLANG_WARN_NON_LITERAL_NULL_CONVERSION = YES;
				CLANG_WARN_OBJC_IMPLICIT_RETAIN_SELF = YES;
				CLANG_WARN_OBJC_LITERAL_CONVERSION = YES;
				CLANG_WARN_OBJC_ROOT_CLASS = YES_ERROR;
				CLANG_WARN_QUOTED_INCLUDE_IN_FRAMEWORK_HEADER = YES;
				CLANG_WARN_RANGE_LOOP_ANALYSIS = YES;
				CLANG_WARN_STRICT_PROTOTYPES = YES;
				CLANG_WARN_SUSPICIOUS_MOVE = YES;
				CLANG_WARN_UNGUARDED_AVAILABILITY = YES_AGGRESSIVE;
				CLANG_WARN_UNREACHABLE_CODE = YES;
				CLANG_WARN__DUPLICATE_METHOD_MATCH = YES;
				COPY_PHASE_STRIP = NO;
				DEBUG_INFORMATION_FORMAT = dwarf;
				ENABLE_STRICT_OBJC_MSGSEND = YES;
				ENABLE_TESTABILITY = YES;
				GCC_C_LANGUAGE_STANDARD = gnu11;
				GCC_DYNAMIC_NO_PIC = NO;
				GCC_NO_COMMON_BLOCKS = YES;
				GCC_OPTIMIZATION_LEVEL = 0;
				GCC_PREPROCESSOR_DEFINITIONS = (
					"DEBUG=1",
					"$(inherited)",
				);
				GCC_WARN_64_TO_32_BIT_CONVERSION = YES;
				GCC_WARN_ABOUT_RETURN_TYPE = YES_ERROR;
				GCC_WARN_UNDECLARED_SELECTOR = YES;
				GCC_WARN_UNINITIALIZED_AUTOS = YES_AGGRESSIVE;
				GCC_WARN_UNUSED_FUNCTION = YES;
				GCC_WARN_UNUSED_VARIABLE = YES;
				IPHONEOS_DEPLOYMENT_TARGET = 15.4;
				MTL_ENABLE_DEBUG_INFO = INCLUDE_SOURCE;
				MTL_FAST_MATH = YES;
				ONLY_ACTIVE_ARCH = YES;
				SDKROOT = iphoneos;
				SWIFT_ACTIVE_COMPILATION_CONDITIONS = DEBUG;
				SWIFT_OPTIMIZATION_LEVEL = "-Onone";
			};
			name = Debug;
		};
		B7BBA24C280E7167003D1B8F /* Release */ = {
			isa = XCBuildConfiguration;
			buildSettings = {
				ALWAYS_SEARCH_USER_PATHS = NO;
				CLANG_ANALYZER_NONNULL = YES;
				CLANG_ANALYZER_NUMBER_OBJECT_CONVERSION = YES_AGGRESSIVE;
				CLANG_CXX_LANGUAGE_STANDARD = "gnu++17";
				CLANG_ENABLE_MODULES = YES;
				CLANG_ENABLE_OBJC_ARC = YES;
				CLANG_ENABLE_OBJC_WEAK = YES;
				CLANG_WARN_BLOCK_CAPTURE_AUTORELEASING = YES;
				CLANG_WARN_BOOL_CONVERSION = YES;
				CLANG_WARN_COMMA = YES;
				CLANG_WARN_CONSTANT_CONVERSION = YES;
				CLANG_WARN_DEPRECATED_OBJC_IMPLEMENTATIONS = YES;
				CLANG_WARN_DIRECT_OBJC_ISA_USAGE = YES_ERROR;
				CLANG_WARN_DOCUMENTATION_COMMENTS = YES;
				CLANG_WARN_EMPTY_BODY = YES;
				CLANG_WARN_ENUM_CONVERSION = YES;
				CLANG_WARN_INFINITE_RECURSION = YES;
				CLANG_WARN_INT_CONVERSION = YES;
				CLANG_WARN_NON_LITERAL_NULL_CONVERSION = YES;
				CLANG_WARN_OBJC_IMPLICIT_RETAIN_SELF = YES;
				CLANG_WARN_OBJC_LITERAL_CONVERSION = YES;
				CLANG_WARN_OBJC_ROOT_CLASS = YES_ERROR;
				CLANG_WARN_QUOTED_INCLUDE_IN_FRAMEWORK_HEADER = YES;
				CLANG_WARN_RANGE_LOOP_ANALYSIS = YES;
				CLANG_WARN_STRICT_PROTOTYPES = YES;
				CLANG_WARN_SUSPICIOUS_MOVE = YES;
				CLANG_WARN_UNGUARDED_AVAILABILITY = YES_AGGRESSIVE;
				CLANG_WARN_UNREACHABLE_CODE = YES;
				CLANG_WARN__DUPLICATE_METHOD_MATCH = YES;
				COPY_PHASE_STRIP = NO;
				DEBUG_INFORMATION_FORMAT = "dwarf-with-dsym";
				ENABLE_NS_ASSERTIONS = NO;
				ENABLE_STRICT_OBJC_MSGSEND = YES;
				GCC_C_LANGUAGE_STANDARD = gnu11;
				GCC_NO_COMMON_BLOCKS = YES;
				GCC_WARN_64_TO_32_BIT_CONVERSION = YES;
				GCC_WARN_ABOUT_RETURN_TYPE = YES_ERROR;
				GCC_WARN_UNDECLARED_SELECTOR = YES;
				GCC_WARN_UNINITIALIZED_AUTOS = YES_AGGRESSIVE;
				GCC_WARN_UNUSED_FUNCTION = YES;
				GCC_WARN_UNUSED_VARIABLE = YES;
				IPHONEOS_DEPLOYMENT_TARGET = 15.4;
				MTL_ENABLE_DEBUG_INFO = NO;
				MTL_FAST_MATH = YES;
				SDKROOT = iphoneos;
				SWIFT_COMPILATION_MODE = wholemodule;
				SWIFT_OPTIMIZATION_LEVEL = "-O";
				VALIDATE_PRODUCT = YES;
			};
			name = Release;
		};
		B7BBA24E280E7167003D1B8F /* Debug */ = {
			isa = XCBuildConfiguration;
			buildSettings = {
				ASSETCATALOG_COMPILER_APPICON_NAME = AppIcon;
				ASSETCATALOG_COMPILER_GLOBAL_ACCENT_COLOR_NAME = AccentColor;
				CODE_SIGN_STYLE = Automatic;
				CURRENT_PROJECT_VERSION = 1;
				DEVELOPMENT_TEAM = X843D4L2C2;
				GENERATE_INFOPLIST_FILE = YES;
				INFOPLIST_FILE = HappyDay/Info.plist;
				INFOPLIST_KEY_NSContactsUsageDescription = "전화번호 접근권한을 허용해주세요";
				INFOPLIST_KEY_UIApplicationSupportsIndirectInputEvents = YES;
				INFOPLIST_KEY_UILaunchStoryboardName = LaunchScreen;
				INFOPLIST_KEY_UISupportedInterfaceOrientations_iPad = "UIInterfaceOrientationPortrait UIInterfaceOrientationPortraitUpsideDown UIInterfaceOrientationLandscapeLeft UIInterfaceOrientationLandscapeRight";
				INFOPLIST_KEY_UISupportedInterfaceOrientations_iPhone = "UIInterfaceOrientationPortrait UIInterfaceOrientationLandscapeLeft UIInterfaceOrientationLandscapeRight";
				LD_RUNPATH_SEARCH_PATHS = (
					"$(inherited)",
					"@executable_path/Frameworks",
				);
				MARKETING_VERSION = 1.0;
				PRODUCT_BUNDLE_IDENTIFIER = com.judongseok.HappyDay;
				PRODUCT_NAME = "$(TARGET_NAME)";
				SWIFT_EMIT_LOC_STRINGS = YES;
				SWIFT_VERSION = 5.0;
				TARGETED_DEVICE_FAMILY = "1,2";
			};
			name = Debug;
		};
		B7BBA24F280E7167003D1B8F /* Release */ = {
			isa = XCBuildConfiguration;
			buildSettings = {
				ASSETCATALOG_COMPILER_APPICON_NAME = AppIcon;
				ASSETCATALOG_COMPILER_GLOBAL_ACCENT_COLOR_NAME = AccentColor;
				CODE_SIGN_STYLE = Automatic;
				CURRENT_PROJECT_VERSION = 1;
				DEVELOPMENT_TEAM = X843D4L2C2;
				GENERATE_INFOPLIST_FILE = YES;
				INFOPLIST_FILE = HappyDay/Info.plist;
				INFOPLIST_KEY_NSContactsUsageDescription = "전화번호 접근권한을 허용해주세요";
				INFOPLIST_KEY_UIApplicationSupportsIndirectInputEvents = YES;
				INFOPLIST_KEY_UILaunchStoryboardName = LaunchScreen;
				INFOPLIST_KEY_UISupportedInterfaceOrientations_iPad = "UIInterfaceOrientationPortrait UIInterfaceOrientationPortraitUpsideDown UIInterfaceOrientationLandscapeLeft UIInterfaceOrientationLandscapeRight";
				INFOPLIST_KEY_UISupportedInterfaceOrientations_iPhone = "UIInterfaceOrientationPortrait UIInterfaceOrientationLandscapeLeft UIInterfaceOrientationLandscapeRight";
				LD_RUNPATH_SEARCH_PATHS = (
					"$(inherited)",
					"@executable_path/Frameworks",
				);
				MARKETING_VERSION = 1.0;
				PRODUCT_BUNDLE_IDENTIFIER = com.judongseok.HappyDay;
				PRODUCT_NAME = "$(TARGET_NAME)";
				SWIFT_EMIT_LOC_STRINGS = YES;
				SWIFT_VERSION = 5.0;
				TARGETED_DEVICE_FAMILY = "1,2";
			};
			name = Release;
		};
/* End XCBuildConfiguration section */

/* Begin XCConfigurationList section */
		B7BBA234280E7166003D1B8F /* Build configuration list for PBXProject "HappyDay" */ = {
			isa = XCConfigurationList;
			buildConfigurations = (
				B7BBA24B280E7167003D1B8F /* Debug */,
				B7BBA24C280E7167003D1B8F /* Release */,
			);
			defaultConfigurationIsVisible = 0;
			defaultConfigurationName = Release;
		};
		B7BBA24D280E7167003D1B8F /* Build configuration list for PBXNativeTarget "HappyDay" */ = {
			isa = XCConfigurationList;
			buildConfigurations = (
				B7BBA24E280E7167003D1B8F /* Debug */,
				B7BBA24F280E7167003D1B8F /* Release */,
			);
			defaultConfigurationIsVisible = 0;
			defaultConfigurationName = Release;
		};
/* End XCConfigurationList section */

/* Begin XCRemoteSwiftPackageReference section */
		B72167EB281C2F5B00CBCB70 /* XCRemoteSwiftPackageReference "RxSwift" */ = {
			isa = XCRemoteSwiftPackageReference;
			repositoryURL = "https://github.com/ReactiveX/RxSwift";
			requirement = {
				branch = main;
				kind = branch;
			};
		};
		B72167F2281C429F00CBCB70 /* XCRemoteSwiftPackageReference "RxDataSources" */ = {
			isa = XCRemoteSwiftPackageReference;
			repositoryURL = "https://github.com/RxSwiftCommunity/RxDataSources.git";
			requirement = {
				kind = upToNextMajorVersion;
				minimumVersion = 5.0.0;
			};
		};
		B7AB0426280E7D1C002E86D3 /* XCRemoteSwiftPackageReference "SnapKit" */ = {
			isa = XCRemoteSwiftPackageReference;
			repositoryURL = "https://github.com/SnapKit/SnapKit.git";
			requirement = {
				branch = develop;
				kind = branch;
			};
		};
		B7AB0429280E81E8002E86D3 /* XCRemoteSwiftPackageReference "Charts" */ = {
			isa = XCRemoteSwiftPackageReference;
			repositoryURL = "https://github.com/danielgindi/Charts";
			requirement = {
				branch = master;
				kind = branch;
			};
		};
/* End XCRemoteSwiftPackageReference section */

/* Begin XCSwiftPackageProductDependency section */
		B72167EC281C2F5B00CBCB70 /* RxCocoa */ = {
			isa = XCSwiftPackageProductDependency;
			package = B72167EB281C2F5B00CBCB70 /* XCRemoteSwiftPackageReference "RxSwift" */;
			productName = RxCocoa;
		};
		B72167EE281C2F5B00CBCB70 /* RxRelay */ = {
			isa = XCSwiftPackageProductDependency;
			package = B72167EB281C2F5B00CBCB70 /* XCRemoteSwiftPackageReference "RxSwift" */;
			productName = RxRelay;
		};
		B72167F3281C429F00CBCB70 /* RxDataSources */ = {
			isa = XCSwiftPackageProductDependency;
			package = B72167F2281C429F00CBCB70 /* XCRemoteSwiftPackageReference "RxDataSources" */;
			productName = RxDataSources;
		};
		B7AB0427280E7D1C002E86D3 /* SnapKit */ = {
			isa = XCSwiftPackageProductDependency;
			package = B7AB0426280E7D1C002E86D3 /* XCRemoteSwiftPackageReference "SnapKit" */;
			productName = SnapKit;
		};
/* End XCSwiftPackageProductDependency section */
	};
	rootObject = B7BBA231280E7166003D1B8F /* Project object */;
}
